// !$*UTF8*$!
{
	archiveVersion = 1;
	classes = {
	};
	objectVersion = 77;
	objects = {

/* Begin PBXBuildFile section */
		EB5C98482E7F276700BC77C5 /* ast.c.o in Frameworks */ = {isa = PBXBuildFile; fileRef = EB5C975F2E7F276700BC77C5 /* ast.c.o */; };
		EB5C984A2E7F276700BC77C5 /* ast.c.o in Frameworks */ = {isa = PBXBuildFile; fileRef = EB5C977D2E7F276700BC77C5 /* ast.c.o */; };
		EB5C984C2E7F276700BC77C5 /* test_parser.c.o in Frameworks */ = {isa = PBXBuildFile; fileRef = EB5C97902E7F276700BC77C5 /* test_parser.c.o */; };
		EB5C984E2E7F276700BC77C5 /* symbol_table.c.o in Frameworks */ = {isa = PBXBuildFile; fileRef = EB5C97872E7F276700BC77C5 /* symbol_table.c.o */; };
		EB5C98522E7F276700BC77C5 /* main.c.o in Frameworks */ = {isa = PBXBuildFile; fileRef = EB5C97672E7F276700BC77C5 /* main.c.o */; };
		EB5C98532E7F276700BC77C5 /* test_lexer.c.o in Frameworks */ = {isa = PBXBuildFile; fileRef = EB5C978C2E7F276700BC77C5 /* test_lexer.c.o */; };
		EB5C98542E7F276700BC77C5 /* lexer.c.o in Frameworks */ = {isa = PBXBuildFile; fileRef = EB5C97652E7F276700BC77C5 /* lexer.c.o */; };
		EB5C98552E7F276700BC77C5 /* utils.c.o in Frameworks */ = {isa = PBXBuildFile; fileRef = EB5C97892E7F276700BC77C5 /* utils.c.o */; };
		EB5C98562E7F276700BC77C5 /* codegen.c.o in Frameworks */ = {isa = PBXBuildFile; fileRef = EB5C97612E7F276700BC77C5 /* codegen.c.o */; };
		EB5C98572E7F276700BC77C5 /* utils.c.o in Frameworks */ = {isa = PBXBuildFile; fileRef = EB5C976F2E7F276700BC77C5 /* utils.c.o */; };
		EB5C985B2E7F276700BC77C5 /* test_main.c.o in Frameworks */ = {isa = PBXBuildFile; fileRef = EB5C978E2E7F276700BC77C5 /* test_main.c.o */; };
		EB5C985C2E7F276700BC77C5 /* parser.c.o in Frameworks */ = {isa = PBXBuildFile; fileRef = EB5C97832E7F276700BC77C5 /* parser.c.o */; };
		EB5C985E2E7F276700BC77C5 /* error.c.o in Frameworks */ = {isa = PBXBuildFile; fileRef = EB5C977F2E7F276700BC77C5 /* error.c.o */; };
		EB5C98612E7F276700BC77C5 /* parser.c.o in Frameworks */ = {isa = PBXBuildFile; fileRef = EB5C97692E7F276700BC77C5 /* parser.c.o */; };
		EB5C98642E7F276700BC77C5 /* preprocessor.c.o in Frameworks */ = {isa = PBXBuildFile; fileRef = EB5C97852E7F276700BC77C5 /* preprocessor.c.o */; };
		EB5C98672E7F276700BC77C5 /* symbol_table.c.o in Frameworks */ = {isa = PBXBuildFile; fileRef = EB5C976D2E7F276700BC77C5 /* symbol_table.c.o */; };
		EB5C98682E7F276700BC77C5 /* preprocessor.c.o in Frameworks */ = {isa = PBXBuildFile; fileRef = EB5C976B2E7F276700BC77C5 /* preprocessor.c.o */; };
		EB5C98692E7F276700BC77C5 /* error.c.o in Frameworks */ = {isa = PBXBuildFile; fileRef = EB5C97632E7F276700BC77C5 /* error.c.o */; };
		EB5C986B2E7F276700BC77C5 /* lexer.c.o in Frameworks */ = {isa = PBXBuildFile; fileRef = EB5C97812E7F276700BC77C5 /* lexer.c.o */; };
		EB5C986C2E7F276700BC77C5 /* lexer.c in Sources */ = {isa = PBXBuildFile; fileRef = EB5C98342E7F276700BC77C5 /* lexer.c */; };
		EB5C986D2E7F276700BC77C5 /* hello.c in Sources */ = {isa = PBXBuildFile; fileRef = EB5C98132E7F276700BC77C5 /* hello.c */; };
		EB5C986E2E7F276700BC77C5 /* ast.c.o.d in Sources */ = {isa = PBXBuildFile; fileRef = EB5C97602E7F276700BC77C5 /* ast.c.o.d */; };
		EB5C98702E7F276700BC77C5 /* build.make in Sources */ = {isa = PBXBuildFile; fileRef = EB5C97AA2E7F276700BC77C5 /* build.make */; };
		EB5C98712E7F276700BC77C5 /* hello_min.c in Sources */ = {isa = PBXBuildFile; fileRef = EB5C98142E7F276700BC77C5 /* hello_min.c */; };
		EB5C98722E7F276700BC77C5 /* CMakeCXXCompilerId.cpp in Sources */ = {isa = PBXBuildFile; fileRef = EB5C97452E7F276700BC77C5 /* CMakeCXXCompilerId.cpp */; };
		EB5C98742E7F276700BC77C5 /* main.cpp in Sources */ = {isa = PBXBuildFile; fileRef = EB5C98402E7F276700BC77C5 /* main.cpp */; };
		EB5C98752E7F276700BC77C5 /* lexer.c.o.d in Sources */ = {isa = PBXBuildFile; fileRef = EB5C97822E7F276700BC77C5 /* lexer.c.o.d */; };
		EB5C98762E7F276700BC77C5 /* symbol_table.c in Sources */ = {isa = PBXBuildFile; fileRef = EB5C98392E7F276700BC77C5 /* symbol_table.c */; };
		EB5C98772E7F276700BC77C5 /* test_lexer.c.o.d in Sources */ = {isa = PBXBuildFile; fileRef = EB5C978D2E7F276700BC77C5 /* test_lexer.c.o.d */; };
		EB5C98782E7F276700BC77C5 /* test_lexer.c in Sources */ = {isa = PBXBuildFile; fileRef = EB5C983C2E7F276700BC77C5 /* test_lexer.c */; };
		EB5C98792E7F276700BC77C5 /* preprocessor.c.o.d in Sources */ = {isa = PBXBuildFile; fileRef = EB5C97862E7F276700BC77C5 /* preprocessor.c.o.d */; };
		EB5C987A2E7F276700BC77C5 /* error.c.o.d in Sources */ = {isa = PBXBuildFile; fileRef = EB5C97642E7F276700BC77C5 /* error.c.o.d */; };
		EB5C987B2E7F276700BC77C5 /* compiler_depend.make in Sources */ = {isa = PBXBuildFile; fileRef = EB5C97752E7F276700BC77C5 /* compiler_depend.make */; };
		EB5C987C2E7F276700BC77C5 /* symbol_table.c.o.d in Sources */ = {isa = PBXBuildFile; fileRef = EB5C976E2E7F276700BC77C5 /* symbol_table.c.o.d */; };
		EB5C987D2E7F276700BC77C5 /* progress.make in Sources */ = {isa = PBXBuildFile; fileRef = EB5C977B2E7F276700BC77C5 /* progress.make */; };
		EB5C987E2E7F276700BC77C5 /* codegen.c in Sources */ = {isa = PBXBuildFile; fileRef = EB5C98322E7F276700BC77C5 /* codegen.c */; };
		EB5C987F2E7F276700BC77C5 /* progress.make in Sources */ = {isa = PBXBuildFile; fileRef = EB5C97AF2E7F276700BC77C5 /* progress.make */; };
		EB5C98802E7F276700BC77C5 /* utils.c in Sources */ = {isa = PBXBuildFile; fileRef = EB5C983A2E7F276700BC77C5 /* utils.c */; };
		EB5C98812E7F276700BC77C5 /* ast.c.o.d in Sources */ = {isa = PBXBuildFile; fileRef = EB5C977E2E7F276700BC77C5 /* ast.c.o.d */; };
		EB5C98822E7F276700BC77C5 /* apple-sdk.cpp in Sources */ = {isa = PBXBuildFile; fileRef = EB5C97442E7F276700BC77C5 /* apple-sdk.cpp */; };
		EB5C98832E7F276700BC77C5 /* apple-sdk.c in Sources */ = {isa = PBXBuildFile; fileRef = EB5C973E2E7F276700BC77C5 /* apple-sdk.c */; };
		EB5C98842E7F276700BC77C5 /* test_main.c in Sources */ = {isa = PBXBuildFile; fileRef = EB5C983D2E7F276700BC77C5 /* test_main.c */; };
		EB5C98852E7F276700BC77C5 /* flags.make in Sources */ = {isa = PBXBuildFile; fileRef = EB5C97792E7F276700BC77C5 /* flags.make */; };
		EB5C98862E7F276700BC77C5 /* main.c in Sources */ = {isa = PBXBuildFile; fileRef = EB5C98352E7F276700BC77C5 /* main.c */; };
		EB5C98872E7F276700BC77C5 /* progress.make in Sources */ = {isa = PBXBuildFile; fileRef = EB5C979C2E7F276700BC77C5 /* progress.make */; };
		EB5C98882E7F276700BC77C5 /* depend.make in Sources */ = {isa = PBXBuildFile; fileRef = EB5C97772E7F276700BC77C5 /* depend.make */; };
		EB5C98892E7F276700BC77C5 /* preprocessor.c in Sources */ = {isa = PBXBuildFile; fileRef = EB5C98382E7F276700BC77C5 /* preprocessor.c */; };
		EB5C988A2E7F276700BC77C5 /* CMakeCCompilerId.c in Sources */ = {isa = PBXBuildFile; fileRef = EB5C973F2E7F276700BC77C5 /* CMakeCCompilerId.c */; };
		EB5C988B2E7F276700BC77C5 /* multiarch_codegen.c in Sources */ = {isa = PBXBuildFile; fileRef = EB5C98362E7F276700BC77C5 /* multiarch_codegen.c */; };
		EB5C988C2E7F276700BC77C5 /* Makefile in Sources */ = {isa = PBXBuildFile; fileRef = EB5C97C12E7F276700BC77C5 /* Makefile */; };
		EB5C988D2E7F276700BC77C5 /* test_parser.c in Sources */ = {isa = PBXBuildFile; fileRef = EB5C983E2E7F276700BC77C5 /* test_parser.c */; };
		EB5C988E2E7F276700BC77C5 /* test_parser.c.o.d in Sources */ = {isa = PBXBuildFile; fileRef = EB5C97912E7F276700BC77C5 /* test_parser.c.o.d */; };
		EB5C988F2E7F276700BC77C5 /* lexer.c.o.d in Sources */ = {isa = PBXBuildFile; fileRef = EB5C97662E7F276700BC77C5 /* lexer.c.o.d */; };
		EB5C98902E7F276700BC77C5 /* parser.c.o.d in Sources */ = {isa = PBXBuildFile; fileRef = EB5C976A2E7F276700BC77C5 /* parser.c.o.d */; };
		EB5C98912E7F276700BC77C5 /* codegen.c.o.d in Sources */ = {isa = PBXBuildFile; fileRef = EB5C97622E7F276700BC77C5 /* codegen.c.o.d */; };
		EB5C98922E7F276700BC77C5 /* main.c.o.d in Sources */ = {isa = PBXBuildFile; fileRef = EB5C97682E7F276700BC77C5 /* main.c.o.d */; };
		EB5C98932E7F276700BC77C5 /* utils.c.o.d in Sources */ = {isa = PBXBuildFile; fileRef = EB5C97702E7F276700BC77C5 /* utils.c.o.d */; };
		EB5C98942E7F276700BC77C5 /* error.c in Sources */ = {isa = PBXBuildFile; fileRef = EB5C98332E7F276700BC77C5 /* error.c */; };
		EB5C98952E7F276700BC77C5 /* builtin_macros.c in Sources */ = {isa = PBXBuildFile; fileRef = EB5C98312E7F276700BC77C5 /* builtin_macros.c */; };
		EB5C98962E7F276700BC77C5 /* multiarch_demo.c in Sources */ = {isa = PBXBuildFile; fileRef = EB5C98152E7F276700BC77C5 /* multiarch_demo.c */; };
		EB5C98972E7F276700BC77C5 /* build.make in Sources */ = {isa = PBXBuildFile; fileRef = EB5C97932E7F276700BC77C5 /* build.make */; };
		EB5C98982E7F276700BC77C5 /* depend.make in Sources */ = {isa = PBXBuildFile; fileRef = EB5C97982E7F276700BC77C5 /* depend.make */; };
		EB5C98992E7F276700BC77C5 /* ast.c in Sources */ = {isa = PBXBuildFile; fileRef = EB5C98302E7F276700BC77C5 /* ast.c */; };
		EB5C989A2E7F276700BC77C5 /* parser.c.o.d in Sources */ = {isa = PBXBuildFile; fileRef = EB5C97842E7F276700BC77C5 /* parser.c.o.d */; };
		EB5C989B2E7F276700BC77C5 /* build.make in Sources */ = {isa = PBXBuildFile; fileRef = EB5C97722E7F276700BC77C5 /* build.make */; };
		EB5C989C2E7F276700BC77C5 /* test_main.c.o.d in Sources */ = {isa = PBXBuildFile; fileRef = EB5C978F2E7F276700BC77C5 /* test_main.c.o.d */; };
		EB5C989D2E7F276700BC77C5 /* flags.make in Sources */ = {isa = PBXBuildFile; fileRef = EB5C979A2E7F276700BC77C5 /* flags.make */; };
		EB5C989E2E7F276700BC77C5 /* CMakeCXXCompilerId.cpp in Sources */ = {isa = PBXBuildFile; fileRef = EB5C97572E7F276700BC77C5 /* CMakeCXXCompilerId.cpp */; };
		EB5C989F2E7F276700BC77C5 /* apple-sdk.c in Sources */ = {isa = PBXBuildFile; fileRef = EB5C97502E7F276700BC77C5 /* apple-sdk.c */; };
		EB5C98A02E7F276700BC77C5 /* parser.c in Sources */ = {isa = PBXBuildFile; fileRef = EB5C98372E7F276700BC77C5 /* parser.c */; };
		EB5C98A12E7F276700BC77C5 /* utils.c.o.d in Sources */ = {isa = PBXBuildFile; fileRef = EB5C978A2E7F276700BC77C5 /* utils.c.o.d */; };
		EB5C98A22E7F276700BC77C5 /* symbol_table.c.o.d in Sources */ = {isa = PBXBuildFile; fileRef = EB5C97882E7F276700BC77C5 /* symbol_table.c.o.d */; };
		EB5C98A32E7F276700BC77C5 /* apple-sdk.cpp in Sources */ = {isa = PBXBuildFile; fileRef = EB5C97562E7F276700BC77C5 /* apple-sdk.cpp */; };
		EB5C98A42E7F276700BC77C5 /* preprocessor.c.o.d in Sources */ = {isa = PBXBuildFile; fileRef = EB5C976C2E7F276700BC77C5 /* preprocessor.c.o.d */; };
		EB5C98A52E7F276700BC77C5 /* compiler_depend.make in Sources */ = {isa = PBXBuildFile; fileRef = EB5C97962E7F276700BC77C5 /* compiler_depend.make */; };
		EB5C98A62E7F276700BC77C5 /* CMakeCCompilerId.c in Sources */ = {isa = PBXBuildFile; fileRef = EB5C97512E7F276700BC77C5 /* CMakeCCompilerId.c */; };
		EB5C98A72E7F276700BC77C5 /* compiler_depend.make in Sources */ = {isa = PBXBuildFile; fileRef = EB5C97AC2E7F276700BC77C5 /* compiler_depend.make */; };
		EB5C98A82E7F276700BC77C5 /* error.c.o.d in Sources */ = {isa = PBXBuildFile; fileRef = EB5C97802E7F276700BC77C5 /* error.c.o.d */; };
/* End PBXBuildFile section */

/* Begin PBXCopyFilesBuildPhase section */
		EB14355B2E7F270700116BE6 /* CopyFiles */ = {
			isa = PBXCopyFilesBuildPhase;
			buildActionMask = 2147483647;
			dstPath = /usr/share/man/man1/;
			dstSubfolderSpec = 0;
			files = (
			);
			runOnlyForDeploymentPostprocessing = 1;
		};
/* End PBXCopyFilesBuildPhase section */

/* Begin PBXFileReference section */
		EB14355D2E7F270700116BE6 /* kcc */ = {isa = PBXFileReference; explicitFileType = "compiled.mach-o.executable"; includeInIndex = 0; path = kcc; sourceTree = BUILT_PRODUCTS_DIR; };
		EB5C973C2E7F276700BC77C5 /* a.out */ = {isa = PBXFileReference; lastKnownFileType = "compiled.mach-o.executable"; path = a.out; sourceTree = "<group>"; };
		EB5C973D2E7F276700BC77C5 /* a.out.dSYM */ = {isa = PBXFileReference; lastKnownFileType = wrapper.dsym; path = a.out.dSYM; sourceTree = "<group>"; };
		EB5C973E2E7F276700BC77C5 /* apple-sdk.c */ = {isa = PBXFileReference; lastKnownFileType = sourcecode.c.c; path = "apple-sdk.c"; sourceTree = "<group>"; };
		EB5C973F2E7F276700BC77C5 /* CMakeCCompilerId.c */ = {isa = PBXFileReference; lastKnownFileType = sourcecode.c.c; path = CMakeCCompilerId.c; sourceTree = "<group>"; };
		EB5C97422E7F276700BC77C5 /* a.out */ = {isa = PBXFileReference; lastKnownFileType = "compiled.mach-o.executable"; path = a.out; sourceTree = "<group>"; };
		EB5C97432E7F276700BC77C5 /* a.out.dSYM */ = {isa = PBXFileReference; lastKnownFileType = wrapper.dsym; path = a.out.dSYM; sourceTree = "<group>"; };
		EB5C97442E7F276700BC77C5 /* apple-sdk.cpp */ = {isa = PBXFileReference; lastKnownFileType = sourcecode.cpp.cpp; path = "apple-sdk.cpp"; sourceTree = "<group>"; };
		EB5C97452E7F276700BC77C5 /* CMakeCXXCompilerId.cpp */ = {isa = PBXFileReference; lastKnownFileType = sourcecode.cpp.cpp; path = CMakeCXXCompilerId.cpp; sourceTree = "<group>"; };
		EB5C97472E7F276700BC77C5 /* CMakeCCompiler.cmake */ = {isa = PBXFileReference; lastKnownFileType = text; path = CMakeCCompiler.cmake; sourceTree = "<group>"; };
		EB5C97482E7F276700BC77C5 /* CMakeCXXCompiler.cmake */ = {isa = PBXFileReference; lastKnownFileType = text; path = CMakeCXXCompiler.cmake; sourceTree = "<group>"; };
		EB5C97492E7F276700BC77C5 /* CMakeDetermineCompilerABI_C.bin */ = {isa = PBXFileReference; lastKnownFileType = archive.macbinary; path = CMakeDetermineCompilerABI_C.bin; sourceTree = "<group>"; };
		EB5C974A2E7F276700BC77C5 /* CMakeDetermineCompilerABI_CXX.bin */ = {isa = PBXFileReference; lastKnownFileType = archive.macbinary; path = CMakeDetermineCompilerABI_CXX.bin; sourceTree = "<group>"; };
		EB5C974B2E7F276700BC77C5 /* CMakeSystem.cmake */ = {isa = PBXFileReference; lastKnownFileType = text; path = CMakeSystem.cmake; sourceTree = "<group>"; };
		EB5C974E2E7F276700BC77C5 /* a.out */ = {isa = PBXFileReference; lastKnownFileType = "compiled.mach-o.executable"; path = a.out; sourceTree = "<group>"; };
		EB5C974F2E7F276700BC77C5 /* a.out.dSYM */ = {isa = PBXFileReference; lastKnownFileType = wrapper.dsym; path = a.out.dSYM; sourceTree = "<group>"; };
		EB5C97502E7F276700BC77C5 /* apple-sdk.c */ = {isa = PBXFileReference; lastKnownFileType = sourcecode.c.c; path = "apple-sdk.c"; sourceTree = "<group>"; };
		EB5C97512E7F276700BC77C5 /* CMakeCCompilerId.c */ = {isa = PBXFileReference; lastKnownFileType = sourcecode.c.c; path = CMakeCCompilerId.c; sourceTree = "<group>"; };
		EB5C97542E7F276700BC77C5 /* a.out */ = {isa = PBXFileReference; lastKnownFileType = "compiled.mach-o.executable"; path = a.out; sourceTree = "<group>"; };
		EB5C97552E7F276700BC77C5 /* a.out.dSYM */ = {isa = PBXFileReference; lastKnownFileType = wrapper.dsym; path = a.out.dSYM; sourceTree = "<group>"; };
		EB5C97562E7F276700BC77C5 /* apple-sdk.cpp */ = {isa = PBXFileReference; lastKnownFileType = sourcecode.cpp.cpp; path = "apple-sdk.cpp"; sourceTree = "<group>"; };
		EB5C97572E7F276700BC77C5 /* CMakeCXXCompilerId.cpp */ = {isa = PBXFileReference; lastKnownFileType = sourcecode.cpp.cpp; path = CMakeCXXCompilerId.cpp; sourceTree = "<group>"; };
		EB5C97592E7F276700BC77C5 /* CMakeCCompiler.cmake */ = {isa = PBXFileReference; lastKnownFileType = text; path = CMakeCCompiler.cmake; sourceTree = "<group>"; };
		EB5C975A2E7F276700BC77C5 /* CMakeCXXCompiler.cmake */ = {isa = PBXFileReference; lastKnownFileType = text; path = CMakeCXXCompiler.cmake; sourceTree = "<group>"; };
		EB5C975B2E7F276700BC77C5 /* CMakeDetermineCompilerABI_C.bin */ = {isa = PBXFileReference; lastKnownFileType = archive.macbinary; path = CMakeDetermineCompilerABI_C.bin; sourceTree = "<group>"; };
		EB5C975C2E7F276700BC77C5 /* CMakeDetermineCompilerABI_CXX.bin */ = {isa = PBXFileReference; lastKnownFileType = archive.macbinary; path = CMakeDetermineCompilerABI_CXX.bin; sourceTree = "<group>"; };
		EB5C975D2E7F276700BC77C5 /* CMakeSystem.cmake */ = {isa = PBXFileReference; lastKnownFileType = text; path = CMakeSystem.cmake; sourceTree = "<group>"; };
		EB5C975F2E7F276700BC77C5 /* ast.c.o */ = {isa = PBXFileReference; lastKnownFileType = "compiled.mach-o.objfile"; path = ast.c.o; sourceTree = "<group>"; };
		EB5C97602E7F276700BC77C5 /* ast.c.o.d */ = {isa = PBXFileReference; lastKnownFileType = sourcecode.dtrace; path = ast.c.o.d; sourceTree = "<group>"; };
		EB5C97612E7F276700BC77C5 /* codegen.c.o */ = {isa = PBXFileReference; lastKnownFileType = "compiled.mach-o.objfile"; path = codegen.c.o; sourceTree = "<group>"; };
		EB5C97622E7F276700BC77C5 /* codegen.c.o.d */ = {isa = PBXFileReference; lastKnownFileType = sourcecode.dtrace; path = codegen.c.o.d; sourceTree = "<group>"; };
		EB5C97632E7F276700BC77C5 /* error.c.o */ = {isa = PBXFileReference; lastKnownFileType = "compiled.mach-o.objfile"; path = error.c.o; sourceTree = "<group>"; };
		EB5C97642E7F276700BC77C5 /* error.c.o.d */ = {isa = PBXFileReference; lastKnownFileType = sourcecode.dtrace; path = error.c.o.d; sourceTree = "<group>"; };
		EB5C97652E7F276700BC77C5 /* lexer.c.o */ = {isa = PBXFileReference; lastKnownFileType = "compiled.mach-o.objfile"; path = lexer.c.o; sourceTree = "<group>"; };
		EB5C97662E7F276700BC77C5 /* lexer.c.o.d */ = {isa = PBXFileReference; lastKnownFileType = sourcecode.dtrace; path = lexer.c.o.d; sourceTree = "<group>"; };
		EB5C97672E7F276700BC77C5 /* main.c.o */ = {isa = PBXFileReference; lastKnownFileType = "compiled.mach-o.objfile"; path = main.c.o; sourceTree = "<group>"; };
		EB5C97682E7F276700BC77C5 /* main.c.o.d */ = {isa = PBXFileReference; lastKnownFileType = sourcecode.dtrace; path = main.c.o.d; sourceTree = "<group>"; };
		EB5C97692E7F276700BC77C5 /* parser.c.o */ = {isa = PBXFileReference; lastKnownFileType = "compiled.mach-o.objfile"; path = parser.c.o; sourceTree = "<group>"; };
		EB5C976A2E7F276700BC77C5 /* parser.c.o.d */ = {isa = PBXFileReference; lastKnownFileType = sourcecode.dtrace; path = parser.c.o.d; sourceTree = "<group>"; };
		EB5C976B2E7F276700BC77C5 /* preprocessor.c.o */ = {isa = PBXFileReference; lastKnownFileType = "compiled.mach-o.objfile"; path = preprocessor.c.o; sourceTree = "<group>"; };
		EB5C976C2E7F276700BC77C5 /* preprocessor.c.o.d */ = {isa = PBXFileReference; lastKnownFileType = sourcecode.dtrace; path = preprocessor.c.o.d; sourceTree = "<group>"; };
		EB5C976D2E7F276700BC77C5 /* symbol_table.c.o */ = {isa = PBXFileReference; lastKnownFileType = "compiled.mach-o.objfile"; path = symbol_table.c.o; sourceTree = "<group>"; };
		EB5C976E2E7F276700BC77C5 /* symbol_table.c.o.d */ = {isa = PBXFileReference; lastKnownFileType = sourcecode.dtrace; path = symbol_table.c.o.d; sourceTree = "<group>"; };
		EB5C976F2E7F276700BC77C5 /* utils.c.o */ = {isa = PBXFileReference; lastKnownFileType = "compiled.mach-o.objfile"; path = utils.c.o; sourceTree = "<group>"; };
		EB5C97702E7F276700BC77C5 /* utils.c.o.d */ = {isa = PBXFileReference; lastKnownFileType = sourcecode.dtrace; path = utils.c.o.d; sourceTree = "<group>"; };
		EB5C97722E7F276700BC77C5 /* build.make */ = {isa = PBXFileReference; lastKnownFileType = sourcecode.make; path = build.make; sourceTree = "<group>"; };
		EB5C97732E7F276700BC77C5 /* cmake_clean.cmake */ = {isa = PBXFileReference; lastKnownFileType = text; path = cmake_clean.cmake; sourceTree = "<group>"; };
		EB5C97742E7F276700BC77C5 /* compiler_depend.internal */ = {isa = PBXFileReference; lastKnownFileType = text; path = compiler_depend.internal; sourceTree = "<group>"; };
		EB5C97752E7F276700BC77C5 /* compiler_depend.make */ = {isa = PBXFileReference; lastKnownFileType = sourcecode.make; path = compiler_depend.make; sourceTree = "<group>"; };
		EB5C97762E7F276700BC77C5 /* compiler_depend.ts */ = {isa = PBXFileReference; lastKnownFileType = sourcecode.typescript; path = compiler_depend.ts; sourceTree = "<group>"; };
		EB5C97772E7F276700BC77C5 /* depend.make */ = {isa = PBXFileReference; lastKnownFileType = sourcecode.make; path = depend.make; sourceTree = "<group>"; };
		EB5C97782E7F276700BC77C5 /* DependInfo.cmake */ = {isa = PBXFileReference; lastKnownFileType = text; path = DependInfo.cmake; sourceTree = "<group>"; };
		EB5C97792E7F276700BC77C5 /* flags.make */ = {isa = PBXFileReference; lastKnownFileType = sourcecode.make; path = flags.make; sourceTree = "<group>"; };
		EB5C977A2E7F276700BC77C5 /* link.txt */ = {isa = PBXFileReference; lastKnownFileType = text; path = link.txt; sourceTree = "<group>"; };
		EB5C977B2E7F276700BC77C5 /* progress.make */ = {isa = PBXFileReference; lastKnownFileType = sourcecode.make; path = progress.make; sourceTree = "<group>"; };
		EB5C977D2E7F276700BC77C5 /* ast.c.o */ = {isa = PBXFileReference; lastKnownFileType = "compiled.mach-o.objfile"; path = ast.c.o; sourceTree = "<group>"; };
		EB5C977E2E7F276700BC77C5 /* ast.c.o.d */ = {isa = PBXFileReference; lastKnownFileType = sourcecode.dtrace; path = ast.c.o.d; sourceTree = "<group>"; };
		EB5C977F2E7F276700BC77C5 /* error.c.o */ = {isa = PBXFileReference; lastKnownFileType = "compiled.mach-o.objfile"; path = error.c.o; sourceTree = "<group>"; };
		EB5C97802E7F276700BC77C5 /* error.c.o.d */ = {isa = PBXFileReference; lastKnownFileType = sourcecode.dtrace; path = error.c.o.d; sourceTree = "<group>"; };
		EB5C97812E7F276700BC77C5 /* lexer.c.o */ = {isa = PBXFileReference; lastKnownFileType = "compiled.mach-o.objfile"; path = lexer.c.o; sourceTree = "<group>"; };
		EB5C97822E7F276700BC77C5 /* lexer.c.o.d */ = {isa = PBXFileReference; lastKnownFileType = sourcecode.dtrace; path = lexer.c.o.d; sourceTree = "<group>"; };
		EB5C97832E7F276700BC77C5 /* parser.c.o */ = {isa = PBXFileReference; lastKnownFileType = "compiled.mach-o.objfile"; path = parser.c.o; sourceTree = "<group>"; };
		EB5C97842E7F276700BC77C5 /* parser.c.o.d */ = {isa = PBXFileReference; lastKnownFileType = sourcecode.dtrace; path = parser.c.o.d; sourceTree = "<group>"; };
		EB5C97852E7F276700BC77C5 /* preprocessor.c.o */ = {isa = PBXFileReference; lastKnownFileType = "compiled.mach-o.objfile"; path = preprocessor.c.o; sourceTree = "<group>"; };
		EB5C97862E7F276700BC77C5 /* preprocessor.c.o.d */ = {isa = PBXFileReference; lastKnownFileType = sourcecode.dtrace; path = preprocessor.c.o.d; sourceTree = "<group>"; };
		EB5C97872E7F276700BC77C5 /* symbol_table.c.o */ = {isa = PBXFileReference; lastKnownFileType = "compiled.mach-o.objfile"; path = symbol_table.c.o; sourceTree = "<group>"; };
		EB5C97882E7F276700BC77C5 /* symbol_table.c.o.d */ = {isa = PBXFileReference; lastKnownFileType = sourcecode.dtrace; path = symbol_table.c.o.d; sourceTree = "<group>"; };
		EB5C97892E7F276700BC77C5 /* utils.c.o */ = {isa = PBXFileReference; lastKnownFileType = "compiled.mach-o.objfile"; path = utils.c.o; sourceTree = "<group>"; };
		EB5C978A2E7F276700BC77C5 /* utils.c.o.d */ = {isa = PBXFileReference; lastKnownFileType = sourcecode.dtrace; path = utils.c.o.d; sourceTree = "<group>"; };
		EB5C978C2E7F276700BC77C5 /* test_lexer.c.o */ = {isa = PBXFileReference; lastKnownFileType = "compiled.mach-o.objfile"; path = test_lexer.c.o; sourceTree = "<group>"; };
		EB5C978D2E7F276700BC77C5 /* test_lexer.c.o.d */ = {isa = PBXFileReference; lastKnownFileType = sourcecode.dtrace; path = test_lexer.c.o.d; sourceTree = "<group>"; };
		EB5C978E2E7F276700BC77C5 /* test_main.c.o */ = {isa = PBXFileReference; lastKnownFileType = "compiled.mach-o.objfile"; path = test_main.c.o; sourceTree = "<group>"; };
		EB5C978F2E7F276700BC77C5 /* test_main.c.o.d */ = {isa = PBXFileReference; lastKnownFileType = sourcecode.dtrace; path = test_main.c.o.d; sourceTree = "<group>"; };
		EB5C97902E7F276700BC77C5 /* test_parser.c.o */ = {isa = PBXFileReference; lastKnownFileType = "compiled.mach-o.objfile"; path = test_parser.c.o; sourceTree = "<group>"; };
		EB5C97912E7F276700BC77C5 /* test_parser.c.o.d */ = {isa = PBXFileReference; lastKnownFileType = sourcecode.dtrace; path = test_parser.c.o.d; sourceTree = "<group>"; };
		EB5C97932E7F276700BC77C5 /* build.make */ = {isa = PBXFileReference; lastKnownFileType = sourcecode.make; path = build.make; sourceTree = "<group>"; };
		EB5C97942E7F276700BC77C5 /* cmake_clean.cmake */ = {isa = PBXFileReference; lastKnownFileType = text; path = cmake_clean.cmake; sourceTree = "<group>"; };
		EB5C97952E7F276700BC77C5 /* compiler_depend.internal */ = {isa = PBXFileReference; lastKnownFileType = text; path = compiler_depend.internal; sourceTree = "<group>"; };
		EB5C97962E7F276700BC77C5 /* compiler_depend.make */ = {isa = PBXFileReference; lastKnownFileType = sourcecode.make; path = compiler_depend.make; sourceTree = "<group>"; };
		EB5C97972E7F276700BC77C5 /* compiler_depend.ts */ = {isa = PBXFileReference; lastKnownFileType = sourcecode.typescript; path = compiler_depend.ts; sourceTree = "<group>"; };
		EB5C97982E7F276700BC77C5 /* depend.make */ = {isa = PBXFileReference; lastKnownFileType = sourcecode.make; path = depend.make; sourceTree = "<group>"; };
		EB5C97992E7F276700BC77C5 /* DependInfo.cmake */ = {isa = PBXFileReference; lastKnownFileType = text; path = DependInfo.cmake; sourceTree = "<group>"; };
		EB5C979A2E7F276700BC77C5 /* flags.make */ = {isa = PBXFileReference; lastKnownFileType = sourcecode.make; path = flags.make; sourceTree = "<group>"; };
		EB5C979B2E7F276700BC77C5 /* link.txt */ = {isa = PBXFileReference; lastKnownFileType = text; path = link.txt; sourceTree = "<group>"; };
		EB5C979C2E7F276700BC77C5 /* progress.make */ = {isa = PBXFileReference; lastKnownFileType = sourcecode.make; path = progress.make; sourceTree = "<group>"; };
		EB5C979F2E7F276700BC77C5 /* 2 */ = {isa = PBXFileReference; lastKnownFileType = text; path = 2; sourceTree = "<group>"; };
		EB5C97A02E7F276700BC77C5 /* 3 */ = {isa = PBXFileReference; lastKnownFileType = text; path = 3; sourceTree = "<group>"; };
		EB5C97A12E7F276700BC77C5 /* 4 */ = {isa = PBXFileReference; lastKnownFileType = text; path = 4; sourceTree = "<group>"; };
		EB5C97A22E7F276700BC77C5 /* 5 */ = {isa = PBXFileReference; lastKnownFileType = text; path = 5; sourceTree = "<group>"; };
		EB5C97A32E7F276700BC77C5 /* 6 */ = {isa = PBXFileReference; lastKnownFileType = text; path = 6; sourceTree = "<group>"; };
		EB5C97A42E7F276700BC77C5 /* 7 */ = {isa = PBXFileReference; lastKnownFileType = text; path = 7; sourceTree = "<group>"; };
		EB5C97A52E7F276700BC77C5 /* 8 */ = {isa = PBXFileReference; lastKnownFileType = text; path = 8; sourceTree = "<group>"; };
		EB5C97A62E7F276700BC77C5 /* 9 */ = {isa = PBXFileReference; lastKnownFileType = text; path = 9; sourceTree = "<group>"; };
		EB5C97A72E7F276700BC77C5 /* 10 */ = {isa = PBXFileReference; lastKnownFileType = text; path = 10; sourceTree = "<group>"; };
		EB5C97A82E7F276700BC77C5 /* count.txt */ = {isa = PBXFileReference; lastKnownFileType = text; path = count.txt; sourceTree = "<group>"; };
		EB5C97AA2E7F276700BC77C5 /* build.make */ = {isa = PBXFileReference; lastKnownFileType = sourcecode.make; path = build.make; sourceTree = "<group>"; };
		EB5C97AB2E7F276700BC77C5 /* cmake_clean.cmake */ = {isa = PBXFileReference; lastKnownFileType = text; path = cmake_clean.cmake; sourceTree = "<group>"; };
		EB5C97AC2E7F276700BC77C5 /* compiler_depend.make */ = {isa = PBXFileReference; lastKnownFileType = sourcecode.make; path = compiler_depend.make; sourceTree = "<group>"; };
		EB5C97AD2E7F276700BC77C5 /* compiler_depend.ts */ = {isa = PBXFileReference; lastKnownFileType = sourcecode.typescript; path = compiler_depend.ts; sourceTree = "<group>"; };
		EB5C97AE2E7F276700BC77C5 /* DependInfo.cmake */ = {isa = PBXFileReference; lastKnownFileType = text; path = DependInfo.cmake; sourceTree = "<group>"; };
		EB5C97AF2E7F276700BC77C5 /* progress.make */ = {isa = PBXFileReference; lastKnownFileType = sourcecode.make; path = progress.make; sourceTree = "<group>"; };
		EB5C97B12E7F276700BC77C5 /* cmake.check_cache */ = {isa = PBXFileReference; lastKnownFileType = text; path = cmake.check_cache; sourceTree = "<group>"; };
		EB5C97B22E7F276700BC77C5 /* CMakeConfigureLog.yaml */ = {isa = PBXFileReference; lastKnownFileType = text.yaml; path = CMakeConfigureLog.yaml; sourceTree = "<group>"; };
		EB5C97B32E7F276700BC77C5 /* CMakeDirectoryInformation.cmake */ = {isa = PBXFileReference; lastKnownFileType = text; path = CMakeDirectoryInformation.cmake; sourceTree = "<group>"; };
		EB5C97B42E7F276700BC77C5 /* CMakeRuleHashes.txt */ = {isa = PBXFileReference; lastKnownFileType = text; path = CMakeRuleHashes.txt; sourceTree = "<group>"; };
		EB5C97B52E7F276700BC77C5 /* InstallScripts.json */ = {isa = PBXFileReference; lastKnownFileType = text.json; path = InstallScripts.json; sourceTree = "<group>"; };
		EB5C97B62E7F276700BC77C5 /* Makefile.cmake */ = {isa = PBXFileReference; lastKnownFileType = text; path = Makefile.cmake; sourceTree = "<group>"; };
		EB5C97B72E7F276700BC77C5 /* Makefile2 */ = {isa = PBXFileReference; lastKnownFileType = text; path = Makefile2; sourceTree = "<group>"; };
		EB5C97B82E7F276700BC77C5 /* progress.marks */ = {isa = PBXFileReference; lastKnownFileType = text; path = progress.marks; sourceTree = "<group>"; };
		EB5C97B92E7F276700BC77C5 /* TargetDirectories.txt */ = {isa = PBXFileReference; lastKnownFileType = text; path = TargetDirectories.txt; sourceTree = "<group>"; };
		EB5C97BB2E7F276700BC77C5 /* a.out */ = {isa = PBXFileReference; lastKnownFileType = text; path = a.out; sourceTree = "<group>"; };
		EB5C97BC2E7F276700BC77C5 /* cmake_install.cmake */ = {isa = PBXFileReference; lastKnownFileType = text; path = cmake_install.cmake; sourceTree = "<group>"; };
		EB5C97BD2E7F276700BC77C5 /* CMakeCache.txt */ = {isa = PBXFileReference; lastKnownFileType = text; path = CMakeCache.txt; sourceTree = "<group>"; };
		EB5C97BE2E7F276700BC77C5 /* CTestTestfile.cmake */ = {isa = PBXFileReference; lastKnownFileType = text; path = CTestTestfile.cmake; sourceTree = "<group>"; };
		EB5C97BF2E7F276700BC77C5 /* hello */ = {isa = PBXFileReference; lastKnownFileType = "compiled.mach-o.executable"; path = hello; sourceTree = "<group>"; };
		EB5C97C02E7F276700BC77C5 /* kcc_tests */ = {isa = PBXFileReference; lastKnownFileType = "compiled.mach-o.executable"; path = kcc_tests; sourceTree = "<group>"; };
		EB5C97C12E7F276700BC77C5 /* Makefile */ = {isa = PBXFileReference; lastKnownFileType = sourcecode.make; path = Makefile; sourceTree = "<group>"; };
		EB5C97C32E7F276700BC77C5 /* build.sh */ = {isa = PBXFileReference; lastKnownFileType = text.script.sh; path = build.sh; sourceTree = "<group>"; };
		EB5C97C42E7F276700BC77C5 /* build_multiarch.sh */ = {isa = PBXFileReference; lastKnownFileType = text.script.sh; path = build_multiarch.sh; sourceTree = "<group>"; };
		EB5C98112E7F276700BC77C5 /* CMakeLists.txt */ = {isa = PBXFileReference; lastKnownFileType = text; path = CMakeLists.txt; sourceTree = "<group>"; };
		EB5C98122E7F276700BC77C5 /* Doxyfile */ = {isa = PBXFileReference; lastKnownFileType = text; path = Doxyfile; sourceTree = "<group>"; };
		EB5C98132E7F276700BC77C5 /* hello.c */ = {isa = PBXFileReference; lastKnownFileType = sourcecode.c.c; path = hello.c; sourceTree = "<group>"; };
		EB5C98142E7F276700BC77C5 /* hello_min.c */ = {isa = PBXFileReference; lastKnownFileType = sourcecode.c.c; path = hello_min.c; sourceTree = "<group>"; };
		EB5C98152E7F276700BC77C5 /* multiarch_demo.c */ = {isa = PBXFileReference; lastKnownFileType = sourcecode.c.c; path = multiarch_demo.c; sourceTree = "<group>"; };
		EB5C98172E7F276700BC77C5 /* ast.h */ = {isa = PBXFileReference; lastKnownFileType = sourcecode.c.h; path = ast.h; sourceTree = "<group>"; };
		EB5C98182E7F276700BC77C5 /* codegen.h */ = {isa = PBXFileReference; lastKnownFileType = sourcecode.c.h; path = codegen.h; sourceTree = "<group>"; };
		EB5C98192E7F276700BC77C5 /* common_includes.h */ = {isa = PBXFileReference; lastKnownFileType = sourcecode.c.h; path = common_includes.h; sourceTree = "<group>"; };
		EB5C981A2E7F276700BC77C5 /* error.h */ = {isa = PBXFileReference; lastKnownFileType = sourcecode.c.h; path = error.h; sourceTree = "<group>"; };
		EB5C981B2E7F276700BC77C5 /* kcc.h */ = {isa = PBXFileReference; lastKnownFileType = sourcecode.c.h; path = kcc.h; sourceTree = "<group>"; };
		EB5C981C2E7F276700BC77C5 /* lexer.h */ = {isa = PBXFileReference; lastKnownFileType = sourcecode.c.h; path = lexer.h; sourceTree = "<group>"; };
		EB5C981D2E7F276700BC77C5 /* multiarch_codegen.h */ = {isa = PBXFileReference; lastKnownFileType = sourcecode.c.h; path = multiarch_codegen.h; sourceTree = "<group>"; };
		EB5C981E2E7F276700BC77C5 /* parser.h */ = {isa = PBXFileReference; lastKnownFileType = sourcecode.c.h; path = parser.h; sourceTree = "<group>"; };
		EB5C981F2E7F276700BC77C5 /* preprocessor.h */ = {isa = PBXFileReference; lastKnownFileType = sourcecode.c.h; path = preprocessor.h; sourceTree = "<group>"; };
		EB5C98202E7F276700BC77C5 /* symbol_table.h */ = {isa = PBXFileReference; lastKnownFileType = sourcecode.c.h; path = symbol_table.h; sourceTree = "<group>"; };
		EB5C98212E7F276700BC77C5 /* types.h */ = {isa = PBXFileReference; lastKnownFileType = sourcecode.c.h; path = types.h; sourceTree = "<group>"; };
		EB5C98222E7F276700BC77C5 /* utils.h */ = {isa = PBXFileReference; lastKnownFileType = sourcecode.c.h; path = utils.h; sourceTree = "<group>"; };
		EB5C98242E7F276700BC77C5 /* Jenkinsfile */ = {isa = PBXFileReference; lastKnownFileType = text; path = Jenkinsfile; sourceTree = "<group>"; };
		EB5C98252E7F276700BC77C5 /* License */ = {isa = PBXFileReference; lastKnownFileType = text; path = License; sourceTree = "<group>"; };
		EB5C98262E7F276700BC77C5 /* android.h */ = {isa = PBXFileReference; lastKnownFileType = sourcecode.c.h; path = android.h; sourceTree = "<group>"; };
		EB5C98272E7F276700BC77C5 /* apple_platform.h */ = {isa = PBXFileReference; lastKnownFileType = sourcecode.c.h; path = apple_platform.h; sourceTree = "<group>"; };
		EB5C98282E7F276700BC77C5 /* kcc_stdio.h */ = {isa = PBXFileReference; lastKnownFileType = sourcecode.c.h; path = kcc_stdio.h; sourceTree = "<group>"; };
		EB5C98292E7F276700BC77C5 /* linux.h */ = {isa = PBXFileReference; lastKnownFileType = sourcecode.c.h; path = linux.h; sourceTree = "<group>"; };
		EB5C982A2E7F276700BC77C5 /* math.h */ = {isa = PBXFileReference; lastKnownFileType = sourcecode.c.h; path = math.h; sourceTree = "<group>"; };
		EB5C982B2E7F276700BC77C5 /* posix.h */ = {isa = PBXFileReference; lastKnownFileType = sourcecode.c.h; path = posix.h; sourceTree = "<group>"; };
		EB5C982C2E7F276700BC77C5 /* psx.h */ = {isa = PBXFileReference; lastKnownFileType = sourcecode.c.h; path = psx.h; sourceTree = "<group>"; };
		EB5C982E2E7F276700BC77C5 /* quick_fix_build.sh */ = {isa = PBXFileReference; lastKnownFileType = text.script.sh; path = quick_fix_build.sh; sourceTree = "<group>"; };
		EB5C982F2E7F276700BC77C5 /* README.md */ = {isa = PBXFileReference; lastKnownFileType = net.daringfireball.markdown; path = README.md; sourceTree = "<group>"; };
		EB5C98302E7F276700BC77C5 /* ast.c */ = {isa = PBXFileReference; lastKnownFileType = sourcecode.c.c; path = ast.c; sourceTree = "<group>"; };
		EB5C98312E7F276700BC77C5 /* builtin_macros.c */ = {isa = PBXFileReference; lastKnownFileType = sourcecode.c.c; path = builtin_macros.c; sourceTree = "<group>"; };
		EB5C98322E7F276700BC77C5 /* codegen.c */ = {isa = PBXFileReference; lastKnownFileType = sourcecode.c.c; path = codegen.c; sourceTree = "<group>"; };
		EB5C98332E7F276700BC77C5 /* error.c */ = {isa = PBXFileReference; lastKnownFileType = sourcecode.c.c; path = error.c; sourceTree = "<group>"; };
		EB5C98342E7F276700BC77C5 /* lexer.c */ = {isa = PBXFileReference; lastKnownFileType = sourcecode.c.c; path = lexer.c; sourceTree = "<group>"; };
		EB5C98352E7F276700BC77C5 /* main.c */ = {isa = PBXFileReference; lastKnownFileType = sourcecode.c.c; path = main.c; sourceTree = "<group>"; };
		EB5C98362E7F276700BC77C5 /* multiarch_codegen.c */ = {isa = PBXFileReference; lastKnownFileType = sourcecode.c.c; path = multiarch_codegen.c; sourceTree = "<group>"; };
		EB5C98372E7F276700BC77C5 /* parser.c */ = {isa = PBXFileReference; lastKnownFileType = sourcecode.c.c; path = parser.c; sourceTree = "<group>"; };
		EB5C98382E7F276700BC77C5 /* preprocessor.c */ = {isa = PBXFileReference; lastKnownFileType = sourcecode.c.c; path = preprocessor.c; sourceTree = "<group>"; };
		EB5C98392E7F276700BC77C5 /* symbol_table.c */ = {isa = PBXFileReference; lastKnownFileType = sourcecode.c.c; path = symbol_table.c; sourceTree = "<group>"; };
		EB5C983A2E7F276700BC77C5 /* utils.c */ = {isa = PBXFileReference; lastKnownFileType = sourcecode.c.c; path = utils.c; sourceTree = "<group>"; };
		EB5C983C2E7F276700BC77C5 /* test_lexer.c */ = {isa = PBXFileReference; lastKnownFileType = sourcecode.c.c; path = test_lexer.c; sourceTree = "<group>"; };
		EB5C983D2E7F276700BC77C5 /* test_main.c */ = {isa = PBXFileReference; lastKnownFileType = sourcecode.c.c; path = test_main.c; sourceTree = "<group>"; };
		EB5C983E2E7F276700BC77C5 /* test_parser.c */ = {isa = PBXFileReference; lastKnownFileType = sourcecode.c.c; path = test_parser.c; sourceTree = "<group>"; };
		EB5C98402E7F276700BC77C5 /* main.cpp */ = {isa = PBXFileReference; lastKnownFileType = sourcecode.cpp.cpp; path = main.cpp; sourceTree = "<group>"; };
		EB5C98432E7F276700BC77C5 /* types.h */ = {isa = PBXFileReference; lastKnownFileType = sourcecode.c.h; path = types.h; sourceTree = "<group>"; };
/* End PBXFileReference section */

/* Begin PBXFrameworksBuildPhase section */
		EB14355A2E7F270700116BE6 /* Frameworks */ = {
			isa = PBXFrameworksBuildPhase;
			buildActionMask = 2147483647;
			files = (
				EB5C98482E7F276700BC77C5 /* ast.c.o in Frameworks */,
				EB5C984A2E7F276700BC77C5 /* ast.c.o in Frameworks */,
				EB5C984C2E7F276700BC77C5 /* test_parser.c.o in Frameworks */,
				EB5C984E2E7F276700BC77C5 /* symbol_table.c.o in Frameworks */,
				EB5C98522E7F276700BC77C5 /* main.c.o in Frameworks */,
				EB5C98532E7F276700BC77C5 /* test_lexer.c.o in Frameworks */,
				EB5C98542E7F276700BC77C5 /* lexer.c.o in Frameworks */,
				EB5C98552E7F276700BC77C5 /* utils.c.o in Frameworks */,
				EB5C98562E7F276700BC77C5 /* codegen.c.o in Frameworks */,
				EB5C98572E7F276700BC77C5 /* utils.c.o in Frameworks */,
				EB5C985B2E7F276700BC77C5 /* test_main.c.o in Frameworks */,
				EB5C985C2E7F276700BC77C5 /* parser.c.o in Frameworks */,
				EB5C985E2E7F276700BC77C5 /* error.c.o in Frameworks */,
				EB5C98612E7F276700BC77C5 /* parser.c.o in Frameworks */,
				EB5C98642E7F276700BC77C5 /* preprocessor.c.o in Frameworks */,
				EB5C98672E7F276700BC77C5 /* symbol_table.c.o in Frameworks */,
				EB5C98682E7F276700BC77C5 /* preprocessor.c.o in Frameworks */,
				EB5C98692E7F276700BC77C5 /* error.c.o in Frameworks */,
				EB5C986B2E7F276700BC77C5 /* lexer.c.o in Frameworks */,
			);
			runOnlyForDeploymentPostprocessing = 0;
		};
/* End PBXFrameworksBuildPhase section */

/* Begin PBXGroup section */
		EB1435542E7F270700116BE6 = {
			isa = PBXGroup;
			children = (
				EB5C97C22E7F276700BC77C5 /* build */,
				EB5C97C32E7F276700BC77C5 /* build.sh */,
				EB5C97C42E7F276700BC77C5 /* build_multiarch.sh */,
				EB5C98112E7F276700BC77C5 /* CMakeLists.txt */,
				EB5C98122E7F276700BC77C5 /* Doxyfile */,
				EB5C98162E7F276700BC77C5 /* examples */,
				EB5C98232E7F276700BC77C5 /* include */,
				EB5C98242E7F276700BC77C5 /* Jenkinsfile */,
				EB5C98252E7F276700BC77C5 /* License */,
				EB5C982D2E7F276700BC77C5 /* macros */,
				EB5C982E2E7F276700BC77C5 /* quick_fix_build.sh */,
				EB5C982F2E7F276700BC77C5 /* README.md */,
				EB5C983B2E7F276700BC77C5 /* src */,
				EB5C983F2E7F276700BC77C5 /* tests */,
				EB5C98422E7F276700BC77C5 /* tools */,
				EB5C98432E7F276700BC77C5 /* types.h */,
				EB14355E2E7F270700116BE6 /* Products */,
			);
			sourceTree = "<group>";
		};
		EB14355E2E7F270700116BE6 /* Products */ = {
			isa = PBXGroup;
			children = (
				EB14355D2E7F270700116BE6 /* kcc */,
			);
			name = Products;
			sourceTree = "<group>";
		};
		EB5C973B2E7F276700BC77C5 /* tmp */ = {
			isa = PBXGroup;
			children = (
			);
			path = tmp;
			sourceTree = "<group>";
		};
		EB5C97402E7F276700BC77C5 /* CompilerIdC */ = {
			isa = PBXGroup;
			children = (
				EB5C973B2E7F276700BC77C5 /* tmp */,
				EB5C973C2E7F276700BC77C5 /* a.out */,
				EB5C973D2E7F276700BC77C5 /* a.out.dSYM */,
				EB5C973E2E7F276700BC77C5 /* apple-sdk.c */,
				EB5C973F2E7F276700BC77C5 /* CMakeCCompilerId.c */,
			);
			path = CompilerIdC;
			sourceTree = "<group>";
		};
		EB5C97412E7F276700BC77C5 /* tmp */ = {
			isa = PBXGroup;
			children = (
			);
			path = tmp;
			sourceTree = "<group>";
		};
		EB5C97462E7F276700BC77C5 /* CompilerIdCXX */ = {
			isa = PBXGroup;
			children = (
				EB5C97412E7F276700BC77C5 /* tmp */,
				EB5C97422E7F276700BC77C5 /* a.out */,
				EB5C97432E7F276700BC77C5 /* a.out.dSYM */,
				EB5C97442E7F276700BC77C5 /* apple-sdk.cpp */,
				EB5C97452E7F276700BC77C5 /* CMakeCXXCompilerId.cpp */,
			);
			path = CompilerIdCXX;
			sourceTree = "<group>";
		};
		EB5C974C2E7F276700BC77C5 /* 4.0.3 */ = {
			isa = PBXGroup;
			children = (
				EB5C97402E7F276700BC77C5 /* CompilerIdC */,
				EB5C97462E7F276700BC77C5 /* CompilerIdCXX */,
				EB5C97472E7F276700BC77C5 /* CMakeCCompiler.cmake */,
				EB5C97482E7F276700BC77C5 /* CMakeCXXCompiler.cmake */,
				EB5C97492E7F276700BC77C5 /* CMakeDetermineCompilerABI_C.bin */,
				EB5C974A2E7F276700BC77C5 /* CMakeDetermineCompilerABI_CXX.bin */,
				EB5C974B2E7F276700BC77C5 /* CMakeSystem.cmake */,
			);
			path = 4.0.3;
			sourceTree = "<group>";
		};
		EB5C974D2E7F276700BC77C5 /* tmp */ = {
			isa = PBXGroup;
			children = (
			);
			path = tmp;
			sourceTree = "<group>";
		};
		EB5C97522E7F276700BC77C5 /* CompilerIdC */ = {
			isa = PBXGroup;
			children = (
				EB5C974D2E7F276700BC77C5 /* tmp */,
				EB5C974E2E7F276700BC77C5 /* a.out */,
				EB5C974F2E7F276700BC77C5 /* a.out.dSYM */,
				EB5C97502E7F276700BC77C5 /* apple-sdk.c */,
				EB5C97512E7F276700BC77C5 /* CMakeCCompilerId.c */,
			);
			path = CompilerIdC;
			sourceTree = "<group>";
		};
		EB5C97532E7F276700BC77C5 /* tmp */ = {
			isa = PBXGroup;
			children = (
			);
			path = tmp;
			sourceTree = "<group>";
		};
		EB5C97582E7F276700BC77C5 /* CompilerIdCXX */ = {
			isa = PBXGroup;
			children = (
				EB5C97532E7F276700BC77C5 /* tmp */,
				EB5C97542E7F276700BC77C5 /* a.out */,
				EB5C97552E7F276700BC77C5 /* a.out.dSYM */,
				EB5C97562E7F276700BC77C5 /* apple-sdk.cpp */,
				EB5C97572E7F276700BC77C5 /* CMakeCXXCompilerId.cpp */,
			);
			path = CompilerIdCXX;
			sourceTree = "<group>";
		};
		EB5C975E2E7F276700BC77C5 /* 4.1.1 */ = {
			isa = PBXGroup;
			children = (
				EB5C97522E7F276700BC77C5 /* CompilerIdC */,
				EB5C97582E7F276700BC77C5 /* CompilerIdCXX */,
				EB5C97592E7F276700BC77C5 /* CMakeCCompiler.cmake */,
				EB5C975A2E7F276700BC77C5 /* CMakeCXXCompiler.cmake */,
				EB5C975B2E7F276700BC77C5 /* CMakeDetermineCompilerABI_C.bin */,
				EB5C975C2E7F276700BC77C5 /* CMakeDetermineCompilerABI_CXX.bin */,
				EB5C975D2E7F276700BC77C5 /* CMakeSystem.cmake */,
			);
			path = 4.1.1;
			sourceTree = "<group>";
		};
		EB5C97712E7F276700BC77C5 /* src */ = {
			isa = PBXGroup;
			children = (
				EB5C975F2E7F276700BC77C5 /* ast.c.o */,
				EB5C97602E7F276700BC77C5 /* ast.c.o.d */,
				EB5C97612E7F276700BC77C5 /* codegen.c.o */,
				EB5C97622E7F276700BC77C5 /* codegen.c.o.d */,
				EB5C97632E7F276700BC77C5 /* error.c.o */,
				EB5C97642E7F276700BC77C5 /* error.c.o.d */,
				EB5C97652E7F276700BC77C5 /* lexer.c.o */,
				EB5C97662E7F276700BC77C5 /* lexer.c.o.d */,
				EB5C97672E7F276700BC77C5 /* main.c.o */,
				EB5C97682E7F276700BC77C5 /* main.c.o.d */,
				EB5C97692E7F276700BC77C5 /* parser.c.o */,
				EB5C976A2E7F276700BC77C5 /* parser.c.o.d */,
				EB5C976B2E7F276700BC77C5 /* preprocessor.c.o */,
				EB5C976C2E7F276700BC77C5 /* preprocessor.c.o.d */,
				EB5C976D2E7F276700BC77C5 /* symbol_table.c.o */,
				EB5C976E2E7F276700BC77C5 /* symbol_table.c.o.d */,
				EB5C976F2E7F276700BC77C5 /* utils.c.o */,
				EB5C97702E7F276700BC77C5 /* utils.c.o.d */,
			);
			path = src;
			sourceTree = "<group>";
		};
		EB5C977C2E7F276700BC77C5 /* kcc.dir */ = {
			isa = PBXGroup;
			children = (
				EB5C97712E7F276700BC77C5 /* src */,
				EB5C97722E7F276700BC77C5 /* build.make */,
				EB5C97732E7F276700BC77C5 /* cmake_clean.cmake */,
				EB5C97742E7F276700BC77C5 /* compiler_depend.internal */,
				EB5C97752E7F276700BC77C5 /* compiler_depend.make */,
				EB5C97762E7F276700BC77C5 /* compiler_depend.ts */,
				EB5C97772E7F276700BC77C5 /* depend.make */,
				EB5C97782E7F276700BC77C5 /* DependInfo.cmake */,
				EB5C97792E7F276700BC77C5 /* flags.make */,
				EB5C977A2E7F276700BC77C5 /* link.txt */,
				EB5C977B2E7F276700BC77C5 /* progress.make */,
			);
			path = kcc.dir;
			sourceTree = "<group>";
		};
		EB5C978B2E7F276700BC77C5 /* src */ = {
			isa = PBXGroup;
			children = (
				EB5C977D2E7F276700BC77C5 /* ast.c.o */,
				EB5C977E2E7F276700BC77C5 /* ast.c.o.d */,
				EB5C977F2E7F276700BC77C5 /* error.c.o */,
				EB5C97802E7F276700BC77C5 /* error.c.o.d */,
				EB5C97812E7F276700BC77C5 /* lexer.c.o */,
				EB5C97822E7F276700BC77C5 /* lexer.c.o.d */,
				EB5C97832E7F276700BC77C5 /* parser.c.o */,
				EB5C97842E7F276700BC77C5 /* parser.c.o.d */,
				EB5C97852E7F276700BC77C5 /* preprocessor.c.o */,
				EB5C97862E7F276700BC77C5 /* preprocessor.c.o.d */,
				EB5C97872E7F276700BC77C5 /* symbol_table.c.o */,
				EB5C97882E7F276700BC77C5 /* symbol_table.c.o.d */,
				EB5C97892E7F276700BC77C5 /* utils.c.o */,
				EB5C978A2E7F276700BC77C5 /* utils.c.o.d */,
			);
			path = src;
			sourceTree = "<group>";
		};
		EB5C97922E7F276700BC77C5 /* tests */ = {
			isa = PBXGroup;
			children = (
				EB5C978C2E7F276700BC77C5 /* test_lexer.c.o */,
				EB5C978D2E7F276700BC77C5 /* test_lexer.c.o.d */,
				EB5C978E2E7F276700BC77C5 /* test_main.c.o */,
				EB5C978F2E7F276700BC77C5 /* test_main.c.o.d */,
				EB5C97902E7F276700BC77C5 /* test_parser.c.o */,
				EB5C97912E7F276700BC77C5 /* test_parser.c.o.d */,
			);
			path = tests;
			sourceTree = "<group>";
		};
		EB5C979D2E7F276700BC77C5 /* kcc_tests.dir */ = {
			isa = PBXGroup;
			children = (
				EB5C978B2E7F276700BC77C5 /* src */,
				EB5C97922E7F276700BC77C5 /* tests */,
				EB5C97932E7F276700BC77C5 /* build.make */,
				EB5C97942E7F276700BC77C5 /* cmake_clean.cmake */,
				EB5C97952E7F276700BC77C5 /* compiler_depend.internal */,
				EB5C97962E7F276700BC77C5 /* compiler_depend.make */,
				EB5C97972E7F276700BC77C5 /* compiler_depend.ts */,
				EB5C97982E7F276700BC77C5 /* depend.make */,
				EB5C97992E7F276700BC77C5 /* DependInfo.cmake */,
				EB5C979A2E7F276700BC77C5 /* flags.make */,
				EB5C979B2E7F276700BC77C5 /* link.txt */,
				EB5C979C2E7F276700BC77C5 /* progress.make */,
			);
			path = kcc_tests.dir;
			sourceTree = "<group>";
		};
		EB5C979E2E7F276700BC77C5 /* pkgRedirects */ = {
			isa = PBXGroup;
			children = (
			);
			path = pkgRedirects;
			sourceTree = "<group>";
		};
		EB5C97A92E7F276700BC77C5 /* Progress */ = {
			isa = PBXGroup;
			children = (
				EB5C979F2E7F276700BC77C5 /* 2 */,
				EB5C97A02E7F276700BC77C5 /* 3 */,
				EB5C97A12E7F276700BC77C5 /* 4 */,
				EB5C97A22E7F276700BC77C5 /* 5 */,
				EB5C97A32E7F276700BC77C5 /* 6 */,
				EB5C97A42E7F276700BC77C5 /* 7 */,
				EB5C97A52E7F276700BC77C5 /* 8 */,
				EB5C97A62E7F276700BC77C5 /* 9 */,
				EB5C97A72E7F276700BC77C5 /* 10 */,
				EB5C97A82E7F276700BC77C5 /* count.txt */,
			);
			path = Progress;
			sourceTree = "<group>";
		};
		EB5C97B02E7F276700BC77C5 /* test_all.dir */ = {
			isa = PBXGroup;
			children = (
				EB5C97AA2E7F276700BC77C5 /* build.make */,
				EB5C97AB2E7F276700BC77C5 /* cmake_clean.cmake */,
				EB5C97AC2E7F276700BC77C5 /* compiler_depend.make */,
				EB5C97AD2E7F276700BC77C5 /* compiler_depend.ts */,
				EB5C97AE2E7F276700BC77C5 /* DependInfo.cmake */,
				EB5C97AF2E7F276700BC77C5 /* progress.make */,
			);
			path = test_all.dir;
			sourceTree = "<group>";
		};
		EB5C97BA2E7F276700BC77C5 /* CMakeFiles */ = {
			isa = PBXGroup;
			children = (
				EB5C974C2E7F276700BC77C5 /* 4.0.3 */,
				EB5C975E2E7F276700BC77C5 /* 4.1.1 */,
				EB5C977C2E7F276700BC77C5 /* kcc.dir */,
				EB5C979D2E7F276700BC77C5 /* kcc_tests.dir */,
				EB5C979E2E7F276700BC77C5 /* pkgRedirects */,
				EB5C97A92E7F276700BC77C5 /* Progress */,
				EB5C97B02E7F276700BC77C5 /* test_all.dir */,
				EB5C97B12E7F276700BC77C5 /* cmake.check_cache */,
				EB5C97B22E7F276700BC77C5 /* CMakeConfigureLog.yaml */,
				EB5C97B32E7F276700BC77C5 /* CMakeDirectoryInformation.cmake */,
				EB5C97B42E7F276700BC77C5 /* CMakeRuleHashes.txt */,
				EB5C97B52E7F276700BC77C5 /* InstallScripts.json */,
				EB5C97B62E7F276700BC77C5 /* Makefile.cmake */,
				EB5C97B72E7F276700BC77C5 /* Makefile2 */,
				EB5C97B82E7F276700BC77C5 /* progress.marks */,
				EB5C97B92E7F276700BC77C5 /* TargetDirectories.txt */,
			);
			path = CMakeFiles;
			sourceTree = "<group>";
		};
		EB5C97C22E7F276700BC77C5 /* build */ = {
			isa = PBXGroup;
			children = (
				EB5C97BA2E7F276700BC77C5 /* CMakeFiles */,
				EB5C97BB2E7F276700BC77C5 /* a.out */,
				EB5C97BC2E7F276700BC77C5 /* cmake_install.cmake */,
				EB5C97BD2E7F276700BC77C5 /* CMakeCache.txt */,
				EB5C97BE2E7F276700BC77C5 /* CTestTestfile.cmake */,
				EB5C97BF2E7F276700BC77C5 /* hello */,
				EB5C97C02E7F276700BC77C5 /* kcc_tests */,
				EB5C97C12E7F276700BC77C5 /* Makefile */,
			);
			path = build;
			sourceTree = "<group>";
		};
		EB5C98162E7F276700BC77C5 /* examples */ = {
			isa = PBXGroup;
			children = (
				EB5C98132E7F276700BC77C5 /* hello.c */,
				EB5C98142E7F276700BC77C5 /* hello_min.c */,
				EB5C98152E7F276700BC77C5 /* multiarch_demo.c */,
			);
			path = examples;
			sourceTree = "<group>";
		};
		EB5C98232E7F276700BC77C5 /* include */ = {
			isa = PBXGroup;
			children = (
				EB5C98172E7F276700BC77C5 /* ast.h */,
				EB5C98182E7F276700BC77C5 /* codegen.h */,
				EB5C98192E7F276700BC77C5 /* common_includes.h */,
				EB5C981A2E7F276700BC77C5 /* error.h */,
				EB5C981B2E7F276700BC77C5 /* kcc.h */,
				EB5C981C2E7F276700BC77C5 /* lexer.h */,
				EB5C981D2E7F276700BC77C5 /* multiarch_codegen.h */,
				EB5C981E2E7F276700BC77C5 /* parser.h */,
				EB5C981F2E7F276700BC77C5 /* preprocessor.h */,
				EB5C98202E7F276700BC77C5 /* symbol_table.h */,
				EB5C98212E7F276700BC77C5 /* types.h */,
				EB5C98222E7F276700BC77C5 /* utils.h */,
			);
			path = include;
			sourceTree = "<group>";
		};
		EB5C982D2E7F276700BC77C5 /* macros */ = {
			isa = PBXGroup;
			children = (
				EB5C98262E7F276700BC77C5 /* android.h */,
				EB5C98272E7F276700BC77C5 /* apple_platform.h */,
				EB5C98282E7F276700BC77C5 /* kcc_stdio.h */,
				EB5C98292E7F276700BC77C5 /* linux.h */,
				EB5C982A2E7F276700BC77C5 /* math.h */,
				EB5C982B2E7F276700BC77C5 /* posix.h */,
				EB5C982C2E7F276700BC77C5 /* psx.h */,
			);
			path = macros;
			sourceTree = "<group>";
		};
		EB5C983B2E7F276700BC77C5 /* src */ = {
			isa = PBXGroup;
			children = (
				EB5C98302E7F276700BC77C5 /* ast.c */,
				EB5C98312E7F276700BC77C5 /* builtin_macros.c */,
				EB5C98322E7F276700BC77C5 /* codegen.c */,
				EB5C98332E7F276700BC77C5 /* error.c */,
				EB5C98342E7F276700BC77C5 /* lexer.c */,
				EB5C98352E7F276700BC77C5 /* main.c */,
				EB5C98362E7F276700BC77C5 /* multiarch_codegen.c */,
				EB5C98372E7F276700BC77C5 /* parser.c */,
				EB5C98382E7F276700BC77C5 /* preprocessor.c */,
				EB5C98392E7F276700BC77C5 /* symbol_table.c */,
				EB5C983A2E7F276700BC77C5 /* utils.c */,
			);
			path = src;
			sourceTree = "<group>";
		};
		EB5C983F2E7F276700BC77C5 /* tests */ = {
			isa = PBXGroup;
			children = (
				EB5C983C2E7F276700BC77C5 /* test_lexer.c */,
				EB5C983D2E7F276700BC77C5 /* test_main.c */,
				EB5C983E2E7F276700BC77C5 /* test_parser.c */,
			);
			path = tests;
			sourceTree = "<group>";
		};
		EB5C98412E7F276700BC77C5 /* differ */ = {
			isa = PBXGroup;
			children = (
				EB5C98402E7F276700BC77C5 /* main.cpp */,
			);
			path = differ;
			sourceTree = "<group>";
		};
		EB5C98422E7F276700BC77C5 /* tools */ = {
			isa = PBXGroup;
			children = (
				EB5C98412E7F276700BC77C5 /* differ */,
			);
			path = tools;
			sourceTree = "<group>";
		};
/* End PBXGroup section */

/* Begin PBXNativeTarget section */
		EB14355C2E7F270700116BE6 /* kcc */ = {
			isa = PBXNativeTarget;
			buildConfigurationList = EB1435642E7F270700116BE6 /* Build configuration list for PBXNativeTarget "kcc" */;
			buildPhases = (
				EB1435592E7F270700116BE6 /* Sources */,
				EB14355A2E7F270700116BE6 /* Frameworks */,
				EB14355B2E7F270700116BE6 /* CopyFiles */,
			);
			buildRules = (
			);
			dependencies = (
			);
			name = kcc;
			packageProductDependencies = (
			);
			productName = kcc;
			productReference = EB14355D2E7F270700116BE6 /* kcc */;
			productType = "com.apple.product-type.tool";
		};
/* End PBXNativeTarget section */

/* Begin PBXProject section */
		EB1435552E7F270700116BE6 /* Project object */ = {
			isa = PBXProject;
			attributes = {
				BuildIndependentTargetsInParallel = 1;
				LastUpgradeCheck = 2600;
				TargetAttributes = {
					EB14355C2E7F270700116BE6 = {
						CreatedOnToolsVersion = 26.0;
					};
				};
			};
			buildConfigurationList = EB1435582E7F270700116BE6 /* Build configuration list for PBXProject "kcc" */;
			developmentRegion = en;
			hasScannedForEncodings = 0;
			knownRegions = (
				en,
				Base,
			);
			mainGroup = EB1435542E7F270700116BE6;
			minimizedProjectReferenceProxies = 1;
			preferredProjectObjectVersion = 77;
			productRefGroup = EB14355E2E7F270700116BE6 /* Products */;
			projectDirPath = "";
			projectRoot = "";
			targets = (
				EB14355C2E7F270700116BE6 /* kcc */,
			);
		};
/* End PBXProject section */

/* Begin PBXSourcesBuildPhase section */
		EB1435592E7F270700116BE6 /* Sources */ = {
			isa = PBXSourcesBuildPhase;
			buildActionMask = 2147483647;
			files = (
				EB5C986C2E7F276700BC77C5 /* lexer.c in Sources */,
				EB5C986D2E7F276700BC77C5 /* hello.c in Sources */,
				EB5C986E2E7F276700BC77C5 /* ast.c.o.d in Sources */,
				EB5C98702E7F276700BC77C5 /* build.make in Sources */,
				EB5C98712E7F276700BC77C5 /* hello_min.c in Sources */,
				EB5C98722E7F276700BC77C5 /* CMakeCXXCompilerId.cpp in Sources */,
				EB5C98742E7F276700BC77C5 /* main.cpp in Sources */,
				EB5C98752E7F276700BC77C5 /* lexer.c.o.d in Sources */,
				EB5C98762E7F276700BC77C5 /* symbol_table.c in Sources */,
				EB5C98772E7F276700BC77C5 /* test_lexer.c.o.d in Sources */,
				EB5C98782E7F276700BC77C5 /* test_lexer.c in Sources */,
				EB5C98792E7F276700BC77C5 /* preprocessor.c.o.d in Sources */,
				EB5C987A2E7F276700BC77C5 /* error.c.o.d in Sources */,
				EB5C987B2E7F276700BC77C5 /* compiler_depend.make in Sources */,
				EB5C987C2E7F276700BC77C5 /* symbol_table.c.o.d in Sources */,
				EB5C987D2E7F276700BC77C5 /* progress.make in Sources */,
				EB5C987E2E7F276700BC77C5 /* codegen.c in Sources */,
				EB5C987F2E7F276700BC77C5 /* progress.make in Sources */,
				EB5C98802E7F276700BC77C5 /* utils.c in Sources */,
				EB5C98812E7F276700BC77C5 /* ast.c.o.d in Sources */,
				EB5C98822E7F276700BC77C5 /* apple-sdk.cpp in Sources */,
				EB5C98832E7F276700BC77C5 /* apple-sdk.c in Sources */,
				EB5C98842E7F276700BC77C5 /* test_main.c in Sources */,
				EB5C98852E7F276700BC77C5 /* flags.make in Sources */,
				EB5C98862E7F276700BC77C5 /* main.c in Sources */,
				EB5C98872E7F276700BC77C5 /* progress.make in Sources */,
				EB5C98882E7F276700BC77C5 /* depend.make in Sources */,
				EB5C98892E7F276700BC77C5 /* preprocessor.c in Sources */,
				EB5C988A2E7F276700BC77C5 /* CMakeCCompilerId.c in Sources */,
				EB5C988B2E7F276700BC77C5 /* multiarch_codegen.c in Sources */,
				EB5C988C2E7F276700BC77C5 /* Makefile in Sources */,
				EB5C988D2E7F276700BC77C5 /* test_parser.c in Sources */,
				EB5C988E2E7F276700BC77C5 /* test_parser.c.o.d in Sources */,
				EB5C988F2E7F276700BC77C5 /* lexer.c.o.d in Sources */,
				EB5C98902E7F276700BC77C5 /* parser.c.o.d in Sources */,
				EB5C98912E7F276700BC77C5 /* codegen.c.o.d in Sources */,
				EB5C98922E7F276700BC77C5 /* main.c.o.d in Sources */,
				EB5C98932E7F276700BC77C5 /* utils.c.o.d in Sources */,
				EB5C98942E7F276700BC77C5 /* error.c in Sources */,
				EB5C98952E7F276700BC77C5 /* builtin_macros.c in Sources */,
				EB5C98962E7F276700BC77C5 /* multiarch_demo.c in Sources */,
				EB5C98972E7F276700BC77C5 /* build.make in Sources */,
				EB5C98982E7F276700BC77C5 /* depend.make in Sources */,
				EB5C98992E7F276700BC77C5 /* ast.c in Sources */,
				EB5C989A2E7F276700BC77C5 /* parser.c.o.d in Sources */,
				EB5C989B2E7F276700BC77C5 /* build.make in Sources */,
				EB5C989C2E7F276700BC77C5 /* test_main.c.o.d in Sources */,
				EB5C989D2E7F276700BC77C5 /* flags.make in Sources */,
				EB5C989E2E7F276700BC77C5 /* CMakeCXXCompilerId.cpp in Sources */,
				EB5C989F2E7F276700BC77C5 /* apple-sdk.c in Sources */,
				EB5C98A02E7F276700BC77C5 /* parser.c in Sources */,
				EB5C98A12E7F276700BC77C5 /* utils.c.o.d in Sources */,
				EB5C98A22E7F276700BC77C5 /* symbol_table.c.o.d in Sources */,
				EB5C98A32E7F276700BC77C5 /* apple-sdk.cpp in Sources */,
				EB5C98A42E7F276700BC77C5 /* preprocessor.c.o.d in Sources */,
				EB5C98A52E7F276700BC77C5 /* compiler_depend.make in Sources */,
				EB5C98A62E7F276700BC77C5 /* CMakeCCompilerId.c in Sources */,
				EB5C98A72E7F276700BC77C5 /* compiler_depend.make in Sources */,
				EB5C98A82E7F276700BC77C5 /* error.c.o.d in Sources */,
			);
			runOnlyForDeploymentPostprocessing = 0;
		};
/* End PBXSourcesBuildPhase section */

/* Begin XCBuildConfiguration section */
		EB1435622E7F270700116BE6 /* Debug */ = {
			isa = XCBuildConfiguration;
			buildSettings = {
				ALWAYS_SEARCH_USER_PATHS = NO;
				ASSETCATALOG_COMPILER_GENERATE_SWIFT_ASSET_SYMBOL_EXTENSIONS = YES;
				CLANG_ANALYZER_NONNULL = YES;
				CLANG_ANALYZER_NUMBER_OBJECT_CONVERSION = YES_AGGRESSIVE;
				CLANG_CXX_LANGUAGE_STANDARD = "gnu++20";
				CLANG_ENABLE_MODULES = YES;
				CLANG_ENABLE_OBJC_ARC = YES;
				CLANG_ENABLE_OBJC_WEAK = YES;
				CLANG_WARN_BLOCK_CAPTURE_AUTORELEASING = YES;
				CLANG_WARN_BOOL_CONVERSION = YES;
				CLANG_WARN_COMMA = YES;
				CLANG_WARN_CONSTANT_CONVERSION = YES;
				CLANG_WARN_DEPRECATED_OBJC_IMPLEMENTATIONS = YES;
				CLANG_WARN_DIRECT_OBJC_ISA_USAGE = YES_ERROR;
				CLANG_WARN_DOCUMENTATION_COMMENTS = YES;
				CLANG_WARN_EMPTY_BODY = YES;
				CLANG_WARN_ENUM_CONVERSION = YES;
				CLANG_WARN_INFINITE_RECURSION = YES;
				CLANG_WARN_INT_CONVERSION = YES;
				CLANG_WARN_NON_LITERAL_NULL_CONVERSION = YES;
				CLANG_WARN_OBJC_IMPLICIT_RETAIN_SELF = YES;
				CLANG_WARN_OBJC_LITERAL_CONVERSION = YES;
				CLANG_WARN_OBJC_ROOT_CLASS = YES_ERROR;
				CLANG_WARN_QUOTED_INCLUDE_IN_FRAMEWORK_HEADER = YES;
				CLANG_WARN_RANGE_LOOP_ANALYSIS = YES;
				CLANG_WARN_STRICT_PROTOTYPES = YES;
				CLANG_WARN_SUSPICIOUS_MOVE = YES;
				CLANG_WARN_UNGUARDED_AVAILABILITY = YES_AGGRESSIVE;
				CLANG_WARN_UNREACHABLE_CODE = YES;
				CLANG_WARN__DUPLICATE_METHOD_MATCH = YES;
				COPY_PHASE_STRIP = NO;
				DEBUG_INFORMATION_FORMAT = dwarf;
				DEVELOPMENT_TEAM = XJX8PUCD89;
				ENABLE_STRICT_OBJC_MSGSEND = YES;
				ENABLE_TESTABILITY = YES;
				ENABLE_USER_SCRIPT_SANDBOXING = YES;
				GCC_C_LANGUAGE_STANDARD = gnu17;
				GCC_DYNAMIC_NO_PIC = NO;
				GCC_NO_COMMON_BLOCKS = YES;
				GCC_OPTIMIZATION_LEVEL = 0;
				GCC_PREPROCESSOR_DEFINITIONS = (
					"DEBUG=1",
					"$(inherited)",
				);
				GCC_WARN_64_TO_32_BIT_CONVERSION = YES;
				GCC_WARN_ABOUT_RETURN_TYPE = YES_ERROR;
				GCC_WARN_UNDECLARED_SELECTOR = YES;
				GCC_WARN_UNINITIALIZED_AUTOS = YES_AGGRESSIVE;
				GCC_WARN_UNUSED_FUNCTION = YES;
				GCC_WARN_UNUSED_VARIABLE = YES;
				LOCALIZATION_PREFERS_STRING_CATALOGS = YES;
				MACOSX_DEPLOYMENT_TARGET = 15.7;
				MTL_ENABLE_DEBUG_INFO = INCLUDE_SOURCE;
				MTL_FAST_MATH = YES;
				ONLY_ACTIVE_ARCH = YES;
				SDKROOT = macosx;
			};
			name = Debug;
		};
		EB1435632E7F270700116BE6 /* Release */ = {
			isa = XCBuildConfiguration;
			buildSettings = {
				ALWAYS_SEARCH_USER_PATHS = NO;
				ASSETCATALOG_COMPILER_GENERATE_SWIFT_ASSET_SYMBOL_EXTENSIONS = YES;
				CLANG_ANALYZER_NONNULL = YES;
				CLANG_ANALYZER_NUMBER_OBJECT_CONVERSION = YES_AGGRESSIVE;
				CLANG_CXX_LANGUAGE_STANDARD = "gnu++20";
				CLANG_ENABLE_MODULES = YES;
				CLANG_ENABLE_OBJC_ARC = YES;
				CLANG_ENABLE_OBJC_WEAK = YES;
				CLANG_WARN_BLOCK_CAPTURE_AUTORELEASING = YES;
				CLANG_WARN_BOOL_CONVERSION = YES;
				CLANG_WARN_COMMA = YES;
				CLANG_WARN_CONSTANT_CONVERSION = YES;
				CLANG_WARN_DEPRECATED_OBJC_IMPLEMENTATIONS = YES;
				CLANG_WARN_DIRECT_OBJC_ISA_USAGE = YES_ERROR;
				CLANG_WARN_DOCUMENTATION_COMMENTS = YES;
				CLANG_WARN_EMPTY_BODY = YES;
				CLANG_WARN_ENUM_CONVERSION = YES;
				CLANG_WARN_INFINITE_RECURSION = YES;
				CLANG_WARN_INT_CONVERSION = YES;
				CLANG_WARN_NON_LITERAL_NULL_CONVERSION = YES;
				CLANG_WARN_OBJC_IMPLICIT_RETAIN_SELF = YES;
				CLANG_WARN_OBJC_LITERAL_CONVERSION = YES;
				CLANG_WARN_OBJC_ROOT_CLASS = YES_ERROR;
				CLANG_WARN_QUOTED_INCLUDE_IN_FRAMEWORK_HEADER = YES;
				CLANG_WARN_RANGE_LOOP_ANALYSIS = YES;
				CLANG_WARN_STRICT_PROTOTYPES = YES;
				CLANG_WARN_SUSPICIOUS_MOVE = YES;
				CLANG_WARN_UNGUARDED_AVAILABILITY = YES_AGGRESSIVE;
				CLANG_WARN_UNREACHABLE_CODE = YES;
				CLANG_WARN__DUPLICATE_METHOD_MATCH = YES;
				COPY_PHASE_STRIP = NO;
				DEBUG_INFORMATION_FORMAT = "dwarf-with-dsym";
				DEVELOPMENT_TEAM = XJX8PUCD89;
				ENABLE_NS_ASSERTIONS = NO;
				ENABLE_STRICT_OBJC_MSGSEND = YES;
				ENABLE_USER_SCRIPT_SANDBOXING = YES;
				GCC_C_LANGUAGE_STANDARD = gnu17;
				GCC_NO_COMMON_BLOCKS = YES;
				GCC_WARN_64_TO_32_BIT_CONVERSION = YES;
				GCC_WARN_ABOUT_RETURN_TYPE = YES_ERROR;
				GCC_WARN_UNDECLARED_SELECTOR = YES;
				GCC_WARN_UNINITIALIZED_AUTOS = YES_AGGRESSIVE;
				GCC_WARN_UNUSED_FUNCTION = YES;
				GCC_WARN_UNUSED_VARIABLE = YES;
				LOCALIZATION_PREFERS_STRING_CATALOGS = YES;
				MACOSX_DEPLOYMENT_TARGET = 15.7;
				MTL_ENABLE_DEBUG_INFO = NO;
				MTL_FAST_MATH = YES;
				SDKROOT = macosx;
			};
			name = Release;
		};
		EB1435652E7F270700116BE6 /* Debug */ = {
			isa = XCBuildConfiguration;
			buildSettings = {
				CODE_SIGN_STYLE = Automatic;
				DEVELOPMENT_TEAM = XJX8PUCD89;
				ENABLE_HARDENED_RUNTIME = YES;
				PRODUCT_NAME = "$(TARGET_NAME)";
			};
			name = Debug;
		};
		EB1435662E7F270700116BE6 /* Release */ = {
			isa = XCBuildConfiguration;
			buildSettings = {
				CODE_SIGN_STYLE = Automatic;
				DEVELOPMENT_TEAM = XJX8PUCD89;
				ENABLE_HARDENED_RUNTIME = YES;
				PRODUCT_NAME = "$(TARGET_NAME)";
			};
			name = Release;
		};
/* End XCBuildConfiguration section */

/* Begin XCConfigurationList section */
		EB1435582E7F270700116BE6 /* Build configuration list for PBXProject "kcc" */ = {
			isa = XCConfigurationList;
			buildConfigurations = (
				EB1435622E7F270700116BE6 /* Debug */,
				EB1435632E7F270700116BE6 /* Release */,
			);
			defaultConfigurationIsVisible = 0;
			defaultConfigurationName = Release;
		};
		EB1435642E7F270700116BE6 /* Build configuration list for PBXNativeTarget "kcc" */ = {
			isa = XCConfigurationList;
			buildConfigurations = (
				EB1435652E7F270700116BE6 /* Debug */,
				EB1435662E7F270700116BE6 /* Release */,
			);
			defaultConfigurationIsVisible = 0;
			defaultConfigurationName = Release;
		};
/* End XCConfigurationList section */
	};
	rootObject = EB1435552E7F270700116BE6 /* Project object */;
}
